
Microsoft Visual Studio Solution File, Format Version 12.00
# Visual Studio Version 17
VisualStudioVersion = 17.7.34018.315
MinimumVisualStudioVersion = 10.0.40219.1
Project("{FAE04EC0-301F-11D3-BF4B-00C04F79EFBC}") = "github.api", "github.api\github.api.csproj", "{E6D93AD4-EE20-43D1-8912-5B43BD3B6B2B}"
EndProject
Global
	GlobalSection(SolutionConfigurationPlatforms) = preSolution
		Debug|Any CPU = Debug|Any CPU
		Release|Any CPU = Release|Any CPU
	EndGlobalSection
	GlobalSection(ProjectConfigurationPlatforms) = postSolution
		{E6D93AD4-EE20-43D1-8912-5B43BD3B6B2B}.Debug|Any CPU.ActiveCfg = Debug|Any CPU
		{E6D93AD4-EE20-43D1-8912-5B43BD3B6B2B}.Debug|Any CPU.Build.0 = Debug|Any CPU
		{E6D93AD4-EE20-43D1-8912-5B43BD3B6B2B}.Release|Any CPU.ActiveCfg = Release|Any CPU
		{E6D93AD4-EE20-43D1-8912-5B43BD3B6B2B}.Release|Any CPU.Build.0 = Release|Any CPU
	EndGlobalSection
	GlobalSection(SolutionProperties) = preSolution
		HideSolutionNode = FALSE
	EndGlobalSection
	GlobalSection(ExtensibilityGlobals) = postSolution
		SolutionGuid = {2BB75D8B-338B-462F-B536-95A4D3EAB43A}
	EndGlobalSection
EndGlobal
