
Microsoft Visual Studio Solution File, Format Version 12.00
# Visual Studio Version 17
VisualStudioVersion = 17.7.34018.315
MinimumVisualStudioVersion = 10.0.40219.1
Project("{2150E333-8FDC-42A3-9474-1A3956D46DE8}") = "src", "src", "{CA28F28D-F492-417F-A856-A8C63B69A21C}"
EndProject
Project("{2150E333-8FDC-42A3-9474-1A3956D46DE8}") = "test", "test", "{9D7840B0-625E-43DC-BC70-A30332E376BD}"
EndProject
Project("{9A19103F-16F7-4668-BE54-9A1E7A4F7556}") = "bookify.domain", "src\bookify.domain\bookify.domain.csproj", "{AD5E1B29-6A4F-4004-B15B-DA25507758D5}"
EndProject
Project("{9A19103F-16F7-4668-BE54-9A1E7A4F7556}") = "bookify.application", "src\bookify.application\bookify.application.csproj", "{8992A25A-1891-4D24-ACDB-7AD844C4BAF6}"
EndProject
Project("{9A19103F-16F7-4668-BE54-9A1E7A4F7556}") = "bookify.infrastructure", "sr\bookify.infrastructure\bookify.infrastructure.csproj", "{0118BD65-F221-4EF8-B719-03623B8B0E24}"
EndProject
Project("{FAE04EC0-301F-11D3-BF4B-00C04F79EFBC}") = "bookify.api", "src\bookify.api\bookify.api.csproj", "{A993E590-DB05-45C4-BAC3-43B7ADCDD34B}"
EndProject
Global
	GlobalSection(SolutionConfigurationPlatforms) = preSolution
		Debug|Any CPU = Debug|Any CPU
		Release|Any CPU = Release|Any CPU
	EndGlobalSection
	GlobalSection(ProjectConfigurationPlatforms) = postSolution
		{AD5E1B29-6A4F-4004-B15B-DA25507758D5}.Debug|Any CPU.ActiveCfg = Debug|Any CPU
		{AD5E1B29-6A4F-4004-B15B-DA25507758D5}.Debug|Any CPU.Build.0 = Debug|Any CPU
		{AD5E1B29-6A4F-4004-B15B-DA25507758D5}.Release|Any CPU.ActiveCfg = Release|Any CPU
		{AD5E1B29-6A4F-4004-B15B-DA25507758D5}.Release|Any CPU.Build.0 = Release|Any CPU
		{8992A25A-1891-4D24-ACDB-7AD844C4BAF6}.Debug|Any CPU.ActiveCfg = Debug|Any CPU
		{8992A25A-1891-4D24-ACDB-7AD844C4BAF6}.Debug|Any CPU.Build.0 = Debug|Any CPU
		{8992A25A-1891-4D24-ACDB-7AD844C4BAF6}.Release|Any CPU.ActiveCfg = Release|Any CPU
		{8992A25A-1891-4D24-ACDB-7AD844C4BAF6}.Release|Any CPU.Build.0 = Release|Any CPU
		{0118BD65-F221-4EF8-B719-03623B8B0E24}.Debug|Any CPU.ActiveCfg = Debug|Any CPU
		{0118BD65-F221-4EF8-B719-03623B8B0E24}.Debug|Any CPU.Build.0 = Debug|Any CPU
		{0118BD65-F221-4EF8-B719-03623B8B0E24}.Release|Any CPU.ActiveCfg = Release|Any CPU
		{0118BD65-F221-4EF8-B719-03623B8B0E24}.Release|Any CPU.Build.0 = Release|Any CPU
		{A993E590-DB05-45C4-BAC3-43B7ADCDD34B}.Debug|Any CPU.ActiveCfg = Debug|Any CPU
		{A993E590-DB05-45C4-BAC3-43B7ADCDD34B}.Debug|Any CPU.Build.0 = Debug|Any CPU
		{A993E590-DB05-45C4-BAC3-43B7ADCDD34B}.Release|Any CPU.ActiveCfg = Release|Any CPU
		{A993E590-DB05-45C4-BAC3-43B7ADCDD34B}.Release|Any CPU.Build.0 = Release|Any CPU
	EndGlobalSection
	GlobalSection(SolutionProperties) = preSolution
		HideSolutionNode = FALSE
	EndGlobalSection
	GlobalSection(NestedProjects) = preSolution
		{AD5E1B29-6A4F-4004-B15B-DA25507758D5} = {CA28F28D-F492-417F-A856-A8C63B69A21C}
		{8992A25A-1891-4D24-ACDB-7AD844C4BAF6} = {CA28F28D-F492-417F-A856-A8C63B69A21C}
		{0118BD65-F221-4EF8-B719-03623B8B0E24} = {CA28F28D-F492-417F-A856-A8C63B69A21C}
		{A993E590-DB05-45C4-BAC3-43B7ADCDD34B} = {CA28F28D-F492-417F-A856-A8C63B69A21C}
	EndGlobalSection
	GlobalSection(ExtensibilityGlobals) = postSolution
		SolutionGuid = {E7C0098C-9E94-41A0-8BE6-6AA5A5D7CDB4}
	EndGlobalSection
EndGlobal
