
Microsoft Visual Studio Solution File, Format Version 12.00
# Visual Studio Version 17
VisualStudioVersion = 17.12.35527.113
MinimumVisualStudioVersion = 10.0.40219.1
Project("{FAE04EC0-301F-11D3-BF4B-00C04F79EFBC}") = "FanoutPublisher", "FanoutPublisher\FanoutPublisher.csproj", "{949F7334-FC6E-4D0F-91D0-E9F94A162F58}"
EndProject
Project("{FAE04EC0-301F-11D3-BF4B-00C04F79EFBC}") = "FanoutConsumer", "FanoutConsumer\FanoutConsumer.csproj", "{3206D8D7-B397-4030-AA27-C08323B46802}"
EndProject
Project("{2150E333-8FDC-42A3-9474-1A3956D46DE8}") = "fanout", "fanout", "{E2C02260-0FBA-4DD9-BB36-B20327A0C2CF}"
EndProject
Project("{2150E333-8FDC-42A3-9474-1A3956D46DE8}") = "direct", "direct", "{10943A52-363B-472B-A478-6E0B1DAA71C4}"
EndProject
Project("{FAE04EC0-301F-11D3-BF4B-00C04F79EFBC}") = "DirectDemo", "DirectDemo\DirectDemo.csproj", "{228E39A4-D832-4B5D-870A-2EAC221DC82F}"
EndProject
Project("{2150E333-8FDC-42A3-9474-1A3956D46DE8}") = "topic", "topic", "{826B335A-8AD2-40CA-9CFF-E41BA2DCE3EE}"
EndProject
Project("{FAE04EC0-301F-11D3-BF4B-00C04F79EFBC}") = "TopicDemo", "TopicDemo\TopicDemo.csproj", "{9EE6080A-9442-4692-9AE4-57AB3284D80F}"
EndProject
Project("{2150E333-8FDC-42A3-9474-1A3956D46DE8}") = "headers", "headers", "{4E608CE1-85BF-41A7-B4F6-3FE2A0439B14}"
EndProject
Project("{FAE04EC0-301F-11D3-BF4B-00C04F79EFBC}") = "HeadersDemo", "HeadersDemo\HeadersDemo.csproj", "{78938D7F-83AD-48FF-969C-01523E5A57C6}"
EndProject
Project("{2150E333-8FDC-42A3-9474-1A3956D46DE8}") = "default", "default", "{99AF457A-CA0C-4EFE-AEC0-D33ECBB1E11E}"
EndProject
Project("{FAE04EC0-301F-11D3-BF4B-00C04F79EFBC}") = "DefaultDemo", "DefaultDemo\DefaultDemo.csproj", "{32117E0E-4EE3-435F-8041-858A432A8175}"
EndProject
Project("{2150E333-8FDC-42A3-9474-1A3956D46DE8}") = "exchange2exchange", "exchange2exchange", "{8F5A9033-7782-4DC0-AF04-6D08C82DF979}"
EndProject
Project("{FAE04EC0-301F-11D3-BF4B-00C04F79EFBC}") = "ExToExDemo", "ExToExDemo\ExToExDemo.csproj", "{561FEC53-CE00-4455-A753-5738C9A42487}"
EndProject
Project("{2150E333-8FDC-42A3-9474-1A3956D46DE8}") = "alternate-exchange", "alternate-exchange", "{C2D8BB90-FDB3-47DD-B72F-A5D71BC02510}"
EndProject
Project("{FAE04EC0-301F-11D3-BF4B-00C04F79EFBC}") = "AlternateDemo", "AlternateDemo\AlternateDemo.csproj", "{10A0C0DB-4932-4B48-A75E-9E951F33FF38}"
EndProject
Project("{2150E333-8FDC-42A3-9474-1A3956D46DE8}") = "push-pull-models", "push-pull-models", "{50067E5E-090A-40D1-9593-1A81E31D2C9C}"
EndProject
Project("{FAE04EC0-301F-11D3-BF4B-00C04F79EFBC}") = "PushAndPullDemo.Publisher", "PushAndPullDemo.Publisher\PushAndPullDemo.Publisher.csproj", "{FA4B265D-9FF7-40A3-B190-C287A5B3DD6E}"
EndProject
Project("{FAE04EC0-301F-11D3-BF4B-00C04F79EFBC}") = "PushAndPullDemo.PushConsumer", "PushAndPullDemo.PushConsumer\PushAndPullDemo.PushConsumer.csproj", "{B00347C5-8FD4-494F-8EA4-D18FD3209431}"
EndProject
Project("{FAE04EC0-301F-11D3-BF4B-00C04F79EFBC}") = "PushAndPullDemo.PullConsumer", "PushAndPullDemo.PullConsumer\PushAndPullDemo.PullConsumer.csproj", "{7957E055-41D0-43CE-8290-33DBF23905D9}"
EndProject
Project("{2150E333-8FDC-42A3-9474-1A3956D46DE8}") = "work-queues", "work-queues", "{9F75C856-0F8E-43CC-99A6-F50571C5DEEA}"
EndProject
Project("{FAE04EC0-301F-11D3-BF4B-00C04F79EFBC}") = "WorkQueueDemo.Publisher", "WorkQueueDemo.Publisher\WorkQueueDemo.Publisher.csproj", "{6842D060-15C0-4AFD-B849-B031394A688C}"
EndProject
Project("{FAE04EC0-301F-11D3-BF4B-00C04F79EFBC}") = "WorkQueueDemo.Consumer", "WorkQueueDemo.Consumer\WorkQueueDemo.Consumer.csproj", "{46461FFA-E28F-48D8-B6E6-C651E78E9F92}"
EndProject
Project("{2150E333-8FDC-42A3-9474-1A3956D46DE8}") = "pub-sub-pattern", "pub-sub-pattern", "{A739B403-4616-486D-9338-A32BF26A2947}"
EndProject
Project("{FAE04EC0-301F-11D3-BF4B-00C04F79EFBC}") = "PubSubPatternDemo.Publisher", "PubSubPatternDemo.Publisher\PubSubPatternDemo.Publisher.csproj", "{832D91AA-A1F4-418A-A55A-5A4EBDCB7E1B}"
EndProject
Project("{FAE04EC0-301F-11D3-BF4B-00C04F79EFBC}") = "PubSubPatternDemo.Subscriber", "PubSubPatternDemo.Subscriber\PubSubPatternDemo.Subscriber.csproj", "{0448177A-4F46-431D-BBBB-D7BF61BE91DE}"
EndProject
Project("{2150E333-8FDC-42A3-9474-1A3956D46DE8}") = "req-res-pattern", "req-res-pattern", "{71726C27-275E-45BA-A002-01A7BC02FBA8}"
EndProject
Project("{FAE04EC0-301F-11D3-BF4B-00C04F79EFBC}") = "RequestResponsePatternDemo.Setup", "RequestResponsePatternDemo.Setup\RequestResponsePatternDemo.Setup.csproj", "{4678A970-3848-482D-8643-FE85D636B389}"
EndProject
Project("{FAE04EC0-301F-11D3-BF4B-00C04F79EFBC}") = "RequestResponsePatternDemo.Replier", "RequestResponsePatternDemo.Replier\RequestResponsePatternDemo.Replier.csproj", "{EAD7A6E3-041F-449D-AADF-11D4FE9D10ED}"
EndProject
Project("{FAE04EC0-301F-11D3-BF4B-00C04F79EFBC}") = "RequestResponsePatternDemo.Requestor", "RequestResponsePatternDemo.Requestor\RequestResponsePatternDemo.Requestor.csproj", "{ED41820A-4724-4A08-8A0A-7AD59B4D7D2C}"
EndProject
Global
	GlobalSection(SolutionConfigurationPlatforms) = preSolution
		Debug|Any CPU = Debug|Any CPU
		Release|Any CPU = Release|Any CPU
	EndGlobalSection
	GlobalSection(ProjectConfigurationPlatforms) = postSolution
		{949F7334-FC6E-4D0F-91D0-E9F94A162F58}.Debug|Any CPU.ActiveCfg = Debug|Any CPU
		{949F7334-FC6E-4D0F-91D0-E9F94A162F58}.Debug|Any CPU.Build.0 = Debug|Any CPU
		{949F7334-FC6E-4D0F-91D0-E9F94A162F58}.Release|Any CPU.ActiveCfg = Release|Any CPU
		{949F7334-FC6E-4D0F-91D0-E9F94A162F58}.Release|Any CPU.Build.0 = Release|Any CPU
		{3206D8D7-B397-4030-AA27-C08323B46802}.Debug|Any CPU.ActiveCfg = Debug|Any CPU
		{3206D8D7-B397-4030-AA27-C08323B46802}.Debug|Any CPU.Build.0 = Debug|Any CPU
		{3206D8D7-B397-4030-AA27-C08323B46802}.Release|Any CPU.ActiveCfg = Release|Any CPU
		{3206D8D7-B397-4030-AA27-C08323B46802}.Release|Any CPU.Build.0 = Release|Any CPU
		{228E39A4-D832-4B5D-870A-2EAC221DC82F}.Debug|Any CPU.ActiveCfg = Debug|Any CPU
		{228E39A4-D832-4B5D-870A-2EAC221DC82F}.Debug|Any CPU.Build.0 = Debug|Any CPU
		{228E39A4-D832-4B5D-870A-2EAC221DC82F}.Release|Any CPU.ActiveCfg = Release|Any CPU
		{228E39A4-D832-4B5D-870A-2EAC221DC82F}.Release|Any CPU.Build.0 = Release|Any CPU
		{9EE6080A-9442-4692-9AE4-57AB3284D80F}.Debug|Any CPU.ActiveCfg = Debug|Any CPU
		{9EE6080A-9442-4692-9AE4-57AB3284D80F}.Debug|Any CPU.Build.0 = Debug|Any CPU
		{9EE6080A-9442-4692-9AE4-57AB3284D80F}.Release|Any CPU.ActiveCfg = Release|Any CPU
		{9EE6080A-9442-4692-9AE4-57AB3284D80F}.Release|Any CPU.Build.0 = Release|Any CPU
		{78938D7F-83AD-48FF-969C-01523E5A57C6}.Debug|Any CPU.ActiveCfg = Debug|Any CPU
		{78938D7F-83AD-48FF-969C-01523E5A57C6}.Debug|Any CPU.Build.0 = Debug|Any CPU
		{78938D7F-83AD-48FF-969C-01523E5A57C6}.Release|Any CPU.ActiveCfg = Release|Any CPU
		{78938D7F-83AD-48FF-969C-01523E5A57C6}.Release|Any CPU.Build.0 = Release|Any CPU
		{32117E0E-4EE3-435F-8041-858A432A8175}.Debug|Any CPU.ActiveCfg = Debug|Any CPU
		{32117E0E-4EE3-435F-8041-858A432A8175}.Debug|Any CPU.Build.0 = Debug|Any CPU
		{32117E0E-4EE3-435F-8041-858A432A8175}.Release|Any CPU.ActiveCfg = Release|Any CPU
		{32117E0E-4EE3-435F-8041-858A432A8175}.Release|Any CPU.Build.0 = Release|Any CPU
		{561FEC53-CE00-4455-A753-5738C9A42487}.Debug|Any CPU.ActiveCfg = Debug|Any CPU
		{561FEC53-CE00-4455-A753-5738C9A42487}.Debug|Any CPU.Build.0 = Debug|Any CPU
		{561FEC53-CE00-4455-A753-5738C9A42487}.Release|Any CPU.ActiveCfg = Release|Any CPU
		{561FEC53-CE00-4455-A753-5738C9A42487}.Release|Any CPU.Build.0 = Release|Any CPU
		{10A0C0DB-4932-4B48-A75E-9E951F33FF38}.Debug|Any CPU.ActiveCfg = Debug|Any CPU
		{10A0C0DB-4932-4B48-A75E-9E951F33FF38}.Debug|Any CPU.Build.0 = Debug|Any CPU
		{10A0C0DB-4932-4B48-A75E-9E951F33FF38}.Release|Any CPU.ActiveCfg = Release|Any CPU
		{10A0C0DB-4932-4B48-A75E-9E951F33FF38}.Release|Any CPU.Build.0 = Release|Any CPU
		{FA4B265D-9FF7-40A3-B190-C287A5B3DD6E}.Debug|Any CPU.ActiveCfg = Debug|Any CPU
		{FA4B265D-9FF7-40A3-B190-C287A5B3DD6E}.Debug|Any CPU.Build.0 = Debug|Any CPU
		{FA4B265D-9FF7-40A3-B190-C287A5B3DD6E}.Release|Any CPU.ActiveCfg = Release|Any CPU
		{FA4B265D-9FF7-40A3-B190-C287A5B3DD6E}.Release|Any CPU.Build.0 = Release|Any CPU
		{B00347C5-8FD4-494F-8EA4-D18FD3209431}.Debug|Any CPU.ActiveCfg = Debug|Any CPU
		{B00347C5-8FD4-494F-8EA4-D18FD3209431}.Debug|Any CPU.Build.0 = Debug|Any CPU
		{B00347C5-8FD4-494F-8EA4-D18FD3209431}.Release|Any CPU.ActiveCfg = Release|Any CPU
		{B00347C5-8FD4-494F-8EA4-D18FD3209431}.Release|Any CPU.Build.0 = Release|Any CPU
		{7957E055-41D0-43CE-8290-33DBF23905D9}.Debug|Any CPU.ActiveCfg = Debug|Any CPU
		{7957E055-41D0-43CE-8290-33DBF23905D9}.Debug|Any CPU.Build.0 = Debug|Any CPU
		{7957E055-41D0-43CE-8290-33DBF23905D9}.Release|Any CPU.ActiveCfg = Release|Any CPU
		{7957E055-41D0-43CE-8290-33DBF23905D9}.Release|Any CPU.Build.0 = Release|Any CPU
		{6842D060-15C0-4AFD-B849-B031394A688C}.Debug|Any CPU.ActiveCfg = Debug|Any CPU
		{6842D060-15C0-4AFD-B849-B031394A688C}.Debug|Any CPU.Build.0 = Debug|Any CPU
		{6842D060-15C0-4AFD-B849-B031394A688C}.Release|Any CPU.ActiveCfg = Release|Any CPU
		{6842D060-15C0-4AFD-B849-B031394A688C}.Release|Any CPU.Build.0 = Release|Any CPU
		{46461FFA-E28F-48D8-B6E6-C651E78E9F92}.Debug|Any CPU.ActiveCfg = Debug|Any CPU
		{46461FFA-E28F-48D8-B6E6-C651E78E9F92}.Debug|Any CPU.Build.0 = Debug|Any CPU
		{46461FFA-E28F-48D8-B6E6-C651E78E9F92}.Release|Any CPU.ActiveCfg = Release|Any CPU
		{46461FFA-E28F-48D8-B6E6-C651E78E9F92}.Release|Any CPU.Build.0 = Release|Any CPU
		{832D91AA-A1F4-418A-A55A-5A4EBDCB7E1B}.Debug|Any CPU.ActiveCfg = Debug|Any CPU
		{832D91AA-A1F4-418A-A55A-5A4EBDCB7E1B}.Debug|Any CPU.Build.0 = Debug|Any CPU
		{832D91AA-A1F4-418A-A55A-5A4EBDCB7E1B}.Release|Any CPU.ActiveCfg = Release|Any CPU
		{832D91AA-A1F4-418A-A55A-5A4EBDCB7E1B}.Release|Any CPU.Build.0 = Release|Any CPU
		{0448177A-4F46-431D-BBBB-D7BF61BE91DE}.Debug|Any CPU.ActiveCfg = Debug|Any CPU
		{0448177A-4F46-431D-BBBB-D7BF61BE91DE}.Debug|Any CPU.Build.0 = Debug|Any CPU
		{0448177A-4F46-431D-BBBB-D7BF61BE91DE}.Release|Any CPU.ActiveCfg = Release|Any CPU
		{0448177A-4F46-431D-BBBB-D7BF61BE91DE}.Release|Any CPU.Build.0 = Release|Any CPU
		{4678A970-3848-482D-8643-FE85D636B389}.Debug|Any CPU.ActiveCfg = Debug|Any CPU
		{4678A970-3848-482D-8643-FE85D636B389}.Debug|Any CPU.Build.0 = Debug|Any CPU
		{4678A970-3848-482D-8643-FE85D636B389}.Release|Any CPU.ActiveCfg = Release|Any CPU
		{4678A970-3848-482D-8643-FE85D636B389}.Release|Any CPU.Build.0 = Release|Any CPU
		{EAD7A6E3-041F-449D-AADF-11D4FE9D10ED}.Debug|Any CPU.ActiveCfg = Debug|Any CPU
		{EAD7A6E3-041F-449D-AADF-11D4FE9D10ED}.Debug|Any CPU.Build.0 = Debug|Any CPU
		{EAD7A6E3-041F-449D-AADF-11D4FE9D10ED}.Release|Any CPU.ActiveCfg = Release|Any CPU
		{EAD7A6E3-041F-449D-AADF-11D4FE9D10ED}.Release|Any CPU.Build.0 = Release|Any CPU
		{ED41820A-4724-4A08-8A0A-7AD59B4D7D2C}.Debug|Any CPU.ActiveCfg = Debug|Any CPU
		{ED41820A-4724-4A08-8A0A-7AD59B4D7D2C}.Debug|Any CPU.Build.0 = Debug|Any CPU
		{ED41820A-4724-4A08-8A0A-7AD59B4D7D2C}.Release|Any CPU.ActiveCfg = Release|Any CPU
		{ED41820A-4724-4A08-8A0A-7AD59B4D7D2C}.Release|Any CPU.Build.0 = Release|Any CPU
	EndGlobalSection
	GlobalSection(SolutionProperties) = preSolution
		HideSolutionNode = FALSE
	EndGlobalSection
	GlobalSection(NestedProjects) = preSolution
		{949F7334-FC6E-4D0F-91D0-E9F94A162F58} = {E2C02260-0FBA-4DD9-BB36-B20327A0C2CF}
		{3206D8D7-B397-4030-AA27-C08323B46802} = {E2C02260-0FBA-4DD9-BB36-B20327A0C2CF}
		{228E39A4-D832-4B5D-870A-2EAC221DC82F} = {10943A52-363B-472B-A478-6E0B1DAA71C4}
		{9EE6080A-9442-4692-9AE4-57AB3284D80F} = {826B335A-8AD2-40CA-9CFF-E41BA2DCE3EE}
		{78938D7F-83AD-48FF-969C-01523E5A57C6} = {4E608CE1-85BF-41A7-B4F6-3FE2A0439B14}
		{32117E0E-4EE3-435F-8041-858A432A8175} = {99AF457A-CA0C-4EFE-AEC0-D33ECBB1E11E}
		{561FEC53-CE00-4455-A753-5738C9A42487} = {8F5A9033-7782-4DC0-AF04-6D08C82DF979}
		{10A0C0DB-4932-4B48-A75E-9E951F33FF38} = {C2D8BB90-FDB3-47DD-B72F-A5D71BC02510}
		{FA4B265D-9FF7-40A3-B190-C287A5B3DD6E} = {50067E5E-090A-40D1-9593-1A81E31D2C9C}
		{B00347C5-8FD4-494F-8EA4-D18FD3209431} = {50067E5E-090A-40D1-9593-1A81E31D2C9C}
		{7957E055-41D0-43CE-8290-33DBF23905D9} = {50067E5E-090A-40D1-9593-1A81E31D2C9C}
		{6842D060-15C0-4AFD-B849-B031394A688C} = {9F75C856-0F8E-43CC-99A6-F50571C5DEEA}
		{46461FFA-E28F-48D8-B6E6-C651E78E9F92} = {9F75C856-0F8E-43CC-99A6-F50571C5DEEA}
		{832D91AA-A1F4-418A-A55A-5A4EBDCB7E1B} = {A739B403-4616-486D-9338-A32BF26A2947}
		{0448177A-4F46-431D-BBBB-D7BF61BE91DE} = {A739B403-4616-486D-9338-A32BF26A2947}
		{4678A970-3848-482D-8643-FE85D636B389} = {71726C27-275E-45BA-A002-01A7BC02FBA8}
		{EAD7A6E3-041F-449D-AADF-11D4FE9D10ED} = {71726C27-275E-45BA-A002-01A7BC02FBA8}
		{ED41820A-4724-4A08-8A0A-7AD59B4D7D2C} = {71726C27-275E-45BA-A002-01A7BC02FBA8}
	EndGlobalSection
EndGlobal
