
Microsoft Visual Studio Solution File, Format Version 12.00
# Visual Studio Version 17
VisualStudioVersion = 17.2.32616.157
MinimumVisualStudioVersion = 10.0.40219.1
Project("{9A19103F-16F7-4668-BE54-9A1E7A4F7556}") = "employee-management.api", "employee-management.api\employee-management.api.csproj", "{55986C8F-F43E-420F-85F6-39B8E44B40F3}"
EndProject
Project("{9A19103F-16F7-4668-BE54-9A1E7A4F7556}") = "employee-management.library", "employee-management.library\employee-management.library.csproj", "{47332A15-A027-4217-8417-8216E69C11DA}"
EndProject
Global
	GlobalSection(SolutionConfigurationPlatforms) = preSolution
		Debug|Any CPU = Debug|Any CPU
		Release|Any CPU = Release|Any CPU
	EndGlobalSection
	GlobalSection(ProjectConfigurationPlatforms) = postSolution
		{55986C8F-F43E-420F-85F6-39B8E44B40F3}.Debug|Any CPU.ActiveCfg = Debug|Any CPU
		{55986C8F-F43E-420F-85F6-39B8E44B40F3}.Debug|Any CPU.Build.0 = Debug|Any CPU
		{55986C8F-F43E-420F-85F6-39B8E44B40F3}.Release|Any CPU.ActiveCfg = Release|Any CPU
		{55986C8F-F43E-420F-85F6-39B8E44B40F3}.Release|Any CPU.Build.0 = Release|Any CPU
		{47332A15-A027-4217-8417-8216E69C11DA}.Debug|Any CPU.ActiveCfg = Debug|Any CPU
		{47332A15-A027-4217-8417-8216E69C11DA}.Debug|Any CPU.Build.0 = Debug|Any CPU
		{47332A15-A027-4217-8417-8216E69C11DA}.Release|Any CPU.ActiveCfg = Release|Any CPU
		{47332A15-A027-4217-8417-8216E69C11DA}.Release|Any CPU.Build.0 = Release|Any CPU
	EndGlobalSection
	GlobalSection(SolutionProperties) = preSolution
		HideSolutionNode = FALSE
	EndGlobalSection
	GlobalSection(ExtensibilityGlobals) = postSolution
		SolutionGuid = {030310D7-1BE8-4E4C-8808-3CD198518D8C}
	EndGlobalSection
EndGlobal
