
Microsoft Visual Studio Solution File, Format Version 12.00
# Visual Studio Version 17
VisualStudioVersion = 17.9.34728.123
MinimumVisualStudioVersion = 10.0.40219.1
Project("{9A19103F-16F7-4668-BE54-9A1E7A4F7556}") = "proj001.none.vs.concurrent", "proj001.none.vs.concurrent\proj001.none.vs.concurrent.csproj", "{21B3520E-FE14-41AA-A0C4-5D534BAC501B}"
EndProject
Project("{9A19103F-16F7-4668-BE54-9A1E7A4F7556}") = "proj001.benchmark", "proj001.benchmark\proj001.benchmark.csproj", "{9699DCDC-DC9F-4C13-90A0-BCDDBE43CADA}"
EndProject
Project("{9A19103F-16F7-4668-BE54-9A1E7A4F7556}") = "proj002.thread", "proj002.thread\proj002.thread.csproj", "{E87D61FB-F4ED-4BE0-A0A2-EC460337DA99}"
EndProject
Project("{9A19103F-16F7-4668-BE54-9A1E7A4F7556}") = "proj003", "proj003\proj003.csproj", "{2BD6B6A1-0031-4C5E-A529-9FE95F255011}"
EndProject
Project("{9A19103F-16F7-4668-BE54-9A1E7A4F7556}") = "proj004", "proj004\proj004.csproj", "{DD3CB9CC-FEDE-4F44-B298-3712CE5D5E64}"
EndProject
Project("{9A19103F-16F7-4668-BE54-9A1E7A4F7556}") = "proj005", "proj005\proj005.csproj", "{9F35C77F-AB21-4780-9E95-2E1E6479068E}"
EndProject
Project("{9A19103F-16F7-4668-BE54-9A1E7A4F7556}") = "proj006", "proj006\proj006.csproj", "{CFADB582-51EE-4B4A-8AE3-0230E3789ECC}"
EndProject
Project("{9A19103F-16F7-4668-BE54-9A1E7A4F7556}") = "proj007", "proj007\proj007.csproj", "{07E71177-BD24-4136-A551-0B70BCA81371}"
EndProject
Project("{9A19103F-16F7-4668-BE54-9A1E7A4F7556}") = "proj008", "proj008\proj008.csproj", "{8B319DF9-E8D1-4179-AC6B-D12E86577C64}"
EndProject
Project("{9A19103F-16F7-4668-BE54-9A1E7A4F7556}") = "proj008.v2", "proj008.v2\proj008.v2.csproj", "{9EDDC72B-3C87-417F-92D5-24124E1F20CC}"
EndProject
Project("{9A19103F-16F7-4668-BE54-9A1E7A4F7556}") = "proj008.v3", "proj008.v3\proj008.v3.csproj", "{057E1FC9-736D-41DB-AAF6-CE2E8CD05C1D}"
EndProject
Project("{9A19103F-16F7-4668-BE54-9A1E7A4F7556}") = "proj009.v1", "proj009.v1\proj009.v1.csproj", "{2FCE02F2-FC27-48AE-9021-77CDABCEF75A}"
EndProject
Project("{9A19103F-16F7-4668-BE54-9A1E7A4F7556}") = "proj009.v2", "proj009.v2\proj009.v2.csproj", "{1DCECE24-F7DB-4E36-9099-1DC9B9215E02}"
EndProject
Project("{9A19103F-16F7-4668-BE54-9A1E7A4F7556}") = "proj010", "proj010\proj010.csproj", "{50BABAE3-39AD-4179-93F5-80E360349491}"
EndProject
Project("{9A19103F-16F7-4668-BE54-9A1E7A4F7556}") = "proj011.v1", "proj011.v1\proj011.v1.csproj", "{A5C6B726-2125-4DD3-9141-23B515981D85}"
EndProject
Project("{9A19103F-16F7-4668-BE54-9A1E7A4F7556}") = "proj012", "proj012\proj012.csproj", "{8743298A-5AD0-4B4D-808C-C1684B38A62B}"
EndProject
Project("{9A19103F-16F7-4668-BE54-9A1E7A4F7556}") = "proj013", "proj013\proj013.csproj", "{77069E4B-2ADD-4ACB-B887-79A90AFC91C6}"
EndProject
Project("{9A19103F-16F7-4668-BE54-9A1E7A4F7556}") = "proj014", "proj014\proj014.csproj", "{BA3FD06B-71C4-41C5-A003-9A52BC576BC1}"
EndProject
Project("{9A19103F-16F7-4668-BE54-9A1E7A4F7556}") = "proj015", "proj015\proj015.csproj", "{63E52C73-0658-4C85-B403-61BE8DB11DA4}"
EndProject
Project("{9A19103F-16F7-4668-BE54-9A1E7A4F7556}") = "proj016", "proj016\proj016.csproj", "{D39ECFC4-3592-4856-929E-419460246E5F}"
EndProject
Project("{9A19103F-16F7-4668-BE54-9A1E7A4F7556}") = "proj017", "proj017\proj017.csproj", "{D0DD110C-261C-4DDD-BDFF-AC7AA950F5C5}"
EndProject
Project("{9A19103F-16F7-4668-BE54-9A1E7A4F7556}") = "proj018", "proj018\proj018.csproj", "{582B9593-F61A-4AF1-B3E5-2C4A5935AE01}"
EndProject
Project("{9A19103F-16F7-4668-BE54-9A1E7A4F7556}") = "proj019.taskdemo", "proj019.taskdemo\proj019.taskdemo.csproj", "{FEB65A41-7F94-4526-BCD5-BCAEFBA31C0C}"
EndProject
Project("{9A19103F-16F7-4668-BE54-9A1E7A4F7556}") = "proj020.AsynchronousSteamsDemo", "proj020.AsynchronousSteamsDemo\proj020.AsynchronousSteamsDemo.csproj", "{41FB70FB-01E8-40F8-A547-91323BFDED6B}"
EndProject
Project("{FAE04EC0-301F-11D3-BF4B-00C04F79EFBC}") = "proj021.paralleldemos", "proj021.paralleldemos\proj021.paralleldemos.csproj", "{B01A8323-FB0C-4E33-890E-4E27A6E309F4}"
EndProject
Global
	GlobalSection(SolutionConfigurationPlatforms) = preSolution
		Debug|Any CPU = Debug|Any CPU
		Release|Any CPU = Release|Any CPU
	EndGlobalSection
	GlobalSection(ProjectConfigurationPlatforms) = postSolution
		{21B3520E-FE14-41AA-A0C4-5D534BAC501B}.Debug|Any CPU.ActiveCfg = Debug|Any CPU
		{21B3520E-FE14-41AA-A0C4-5D534BAC501B}.Debug|Any CPU.Build.0 = Debug|Any CPU
		{21B3520E-FE14-41AA-A0C4-5D534BAC501B}.Release|Any CPU.ActiveCfg = Release|Any CPU
		{21B3520E-FE14-41AA-A0C4-5D534BAC501B}.Release|Any CPU.Build.0 = Release|Any CPU
		{9699DCDC-DC9F-4C13-90A0-BCDDBE43CADA}.Debug|Any CPU.ActiveCfg = Debug|Any CPU
		{9699DCDC-DC9F-4C13-90A0-BCDDBE43CADA}.Debug|Any CPU.Build.0 = Debug|Any CPU
		{9699DCDC-DC9F-4C13-90A0-BCDDBE43CADA}.Release|Any CPU.ActiveCfg = Release|Any CPU
		{9699DCDC-DC9F-4C13-90A0-BCDDBE43CADA}.Release|Any CPU.Build.0 = Release|Any CPU
		{E87D61FB-F4ED-4BE0-A0A2-EC460337DA99}.Debug|Any CPU.ActiveCfg = Debug|Any CPU
		{E87D61FB-F4ED-4BE0-A0A2-EC460337DA99}.Debug|Any CPU.Build.0 = Debug|Any CPU
		{E87D61FB-F4ED-4BE0-A0A2-EC460337DA99}.Release|Any CPU.ActiveCfg = Release|Any CPU
		{E87D61FB-F4ED-4BE0-A0A2-EC460337DA99}.Release|Any CPU.Build.0 = Release|Any CPU
		{2BD6B6A1-0031-4C5E-A529-9FE95F255011}.Debug|Any CPU.ActiveCfg = Debug|Any CPU
		{2BD6B6A1-0031-4C5E-A529-9FE95F255011}.Debug|Any CPU.Build.0 = Debug|Any CPU
		{2BD6B6A1-0031-4C5E-A529-9FE95F255011}.Release|Any CPU.ActiveCfg = Release|Any CPU
		{2BD6B6A1-0031-4C5E-A529-9FE95F255011}.Release|Any CPU.Build.0 = Release|Any CPU
		{DD3CB9CC-FEDE-4F44-B298-3712CE5D5E64}.Debug|Any CPU.ActiveCfg = Debug|Any CPU
		{DD3CB9CC-FEDE-4F44-B298-3712CE5D5E64}.Debug|Any CPU.Build.0 = Debug|Any CPU
		{DD3CB9CC-FEDE-4F44-B298-3712CE5D5E64}.Release|Any CPU.ActiveCfg = Release|Any CPU
		{DD3CB9CC-FEDE-4F44-B298-3712CE5D5E64}.Release|Any CPU.Build.0 = Release|Any CPU
		{9F35C77F-AB21-4780-9E95-2E1E6479068E}.Debug|Any CPU.ActiveCfg = Debug|Any CPU
		{9F35C77F-AB21-4780-9E95-2E1E6479068E}.Debug|Any CPU.Build.0 = Debug|Any CPU
		{9F35C77F-AB21-4780-9E95-2E1E6479068E}.Release|Any CPU.ActiveCfg = Release|Any CPU
		{9F35C77F-AB21-4780-9E95-2E1E6479068E}.Release|Any CPU.Build.0 = Release|Any CPU
		{CFADB582-51EE-4B4A-8AE3-0230E3789ECC}.Debug|Any CPU.ActiveCfg = Debug|Any CPU
		{CFADB582-51EE-4B4A-8AE3-0230E3789ECC}.Debug|Any CPU.Build.0 = Debug|Any CPU
		{CFADB582-51EE-4B4A-8AE3-0230E3789ECC}.Release|Any CPU.ActiveCfg = Release|Any CPU
		{CFADB582-51EE-4B4A-8AE3-0230E3789ECC}.Release|Any CPU.Build.0 = Release|Any CPU
		{07E71177-BD24-4136-A551-0B70BCA81371}.Debug|Any CPU.ActiveCfg = Debug|Any CPU
		{07E71177-BD24-4136-A551-0B70BCA81371}.Debug|Any CPU.Build.0 = Debug|Any CPU
		{07E71177-BD24-4136-A551-0B70BCA81371}.Release|Any CPU.ActiveCfg = Release|Any CPU
		{07E71177-BD24-4136-A551-0B70BCA81371}.Release|Any CPU.Build.0 = Release|Any CPU
		{8B319DF9-E8D1-4179-AC6B-D12E86577C64}.Debug|Any CPU.ActiveCfg = Debug|Any CPU
		{8B319DF9-E8D1-4179-AC6B-D12E86577C64}.Debug|Any CPU.Build.0 = Debug|Any CPU
		{8B319DF9-E8D1-4179-AC6B-D12E86577C64}.Release|Any CPU.ActiveCfg = Release|Any CPU
		{8B319DF9-E8D1-4179-AC6B-D12E86577C64}.Release|Any CPU.Build.0 = Release|Any CPU
		{9EDDC72B-3C87-417F-92D5-24124E1F20CC}.Debug|Any CPU.ActiveCfg = Debug|Any CPU
		{9EDDC72B-3C87-417F-92D5-24124E1F20CC}.Debug|Any CPU.Build.0 = Debug|Any CPU
		{9EDDC72B-3C87-417F-92D5-24124E1F20CC}.Release|Any CPU.ActiveCfg = Release|Any CPU
		{9EDDC72B-3C87-417F-92D5-24124E1F20CC}.Release|Any CPU.Build.0 = Release|Any CPU
		{057E1FC9-736D-41DB-AAF6-CE2E8CD05C1D}.Debug|Any CPU.ActiveCfg = Debug|Any CPU
		{057E1FC9-736D-41DB-AAF6-CE2E8CD05C1D}.Debug|Any CPU.Build.0 = Debug|Any CPU
		{057E1FC9-736D-41DB-AAF6-CE2E8CD05C1D}.Release|Any CPU.ActiveCfg = Release|Any CPU
		{057E1FC9-736D-41DB-AAF6-CE2E8CD05C1D}.Release|Any CPU.Build.0 = Release|Any CPU
		{2FCE02F2-FC27-48AE-9021-77CDABCEF75A}.Debug|Any CPU.ActiveCfg = Debug|Any CPU
		{2FCE02F2-FC27-48AE-9021-77CDABCEF75A}.Debug|Any CPU.Build.0 = Debug|Any CPU
		{2FCE02F2-FC27-48AE-9021-77CDABCEF75A}.Release|Any CPU.ActiveCfg = Release|Any CPU
		{2FCE02F2-FC27-48AE-9021-77CDABCEF75A}.Release|Any CPU.Build.0 = Release|Any CPU
		{1DCECE24-F7DB-4E36-9099-1DC9B9215E02}.Debug|Any CPU.ActiveCfg = Debug|Any CPU
		{1DCECE24-F7DB-4E36-9099-1DC9B9215E02}.Debug|Any CPU.Build.0 = Debug|Any CPU
		{1DCECE24-F7DB-4E36-9099-1DC9B9215E02}.Release|Any CPU.ActiveCfg = Release|Any CPU
		{1DCECE24-F7DB-4E36-9099-1DC9B9215E02}.Release|Any CPU.Build.0 = Release|Any CPU
		{50BABAE3-39AD-4179-93F5-80E360349491}.Debug|Any CPU.ActiveCfg = Debug|Any CPU
		{50BABAE3-39AD-4179-93F5-80E360349491}.Debug|Any CPU.Build.0 = Debug|Any CPU
		{50BABAE3-39AD-4179-93F5-80E360349491}.Release|Any CPU.ActiveCfg = Release|Any CPU
		{50BABAE3-39AD-4179-93F5-80E360349491}.Release|Any CPU.Build.0 = Release|Any CPU
		{A5C6B726-2125-4DD3-9141-23B515981D85}.Debug|Any CPU.ActiveCfg = Debug|Any CPU
		{A5C6B726-2125-4DD3-9141-23B515981D85}.Debug|Any CPU.Build.0 = Debug|Any CPU
		{A5C6B726-2125-4DD3-9141-23B515981D85}.Release|Any CPU.ActiveCfg = Release|Any CPU
		{A5C6B726-2125-4DD3-9141-23B515981D85}.Release|Any CPU.Build.0 = Release|Any CPU
		{8743298A-5AD0-4B4D-808C-C1684B38A62B}.Debug|Any CPU.ActiveCfg = Debug|Any CPU
		{8743298A-5AD0-4B4D-808C-C1684B38A62B}.Debug|Any CPU.Build.0 = Debug|Any CPU
		{8743298A-5AD0-4B4D-808C-C1684B38A62B}.Release|Any CPU.ActiveCfg = Release|Any CPU
		{8743298A-5AD0-4B4D-808C-C1684B38A62B}.Release|Any CPU.Build.0 = Release|Any CPU
		{77069E4B-2ADD-4ACB-B887-79A90AFC91C6}.Debug|Any CPU.ActiveCfg = Debug|Any CPU
		{77069E4B-2ADD-4ACB-B887-79A90AFC91C6}.Debug|Any CPU.Build.0 = Debug|Any CPU
		{77069E4B-2ADD-4ACB-B887-79A90AFC91C6}.Release|Any CPU.ActiveCfg = Release|Any CPU
		{77069E4B-2ADD-4ACB-B887-79A90AFC91C6}.Release|Any CPU.Build.0 = Release|Any CPU
		{BA3FD06B-71C4-41C5-A003-9A52BC576BC1}.Debug|Any CPU.ActiveCfg = Debug|Any CPU
		{BA3FD06B-71C4-41C5-A003-9A52BC576BC1}.Debug|Any CPU.Build.0 = Debug|Any CPU
		{BA3FD06B-71C4-41C5-A003-9A52BC576BC1}.Release|Any CPU.ActiveCfg = Release|Any CPU
		{BA3FD06B-71C4-41C5-A003-9A52BC576BC1}.Release|Any CPU.Build.0 = Release|Any CPU
		{63E52C73-0658-4C85-B403-61BE8DB11DA4}.Debug|Any CPU.ActiveCfg = Debug|Any CPU
		{63E52C73-0658-4C85-B403-61BE8DB11DA4}.Debug|Any CPU.Build.0 = Debug|Any CPU
		{63E52C73-0658-4C85-B403-61BE8DB11DA4}.Release|Any CPU.ActiveCfg = Release|Any CPU
		{63E52C73-0658-4C85-B403-61BE8DB11DA4}.Release|Any CPU.Build.0 = Release|Any CPU
		{D39ECFC4-3592-4856-929E-419460246E5F}.Debug|Any CPU.ActiveCfg = Debug|Any CPU
		{D39ECFC4-3592-4856-929E-419460246E5F}.Debug|Any CPU.Build.0 = Debug|Any CPU
		{D39ECFC4-3592-4856-929E-419460246E5F}.Release|Any CPU.ActiveCfg = Release|Any CPU
		{D39ECFC4-3592-4856-929E-419460246E5F}.Release|Any CPU.Build.0 = Release|Any CPU
		{D0DD110C-261C-4DDD-BDFF-AC7AA950F5C5}.Debug|Any CPU.ActiveCfg = Debug|Any CPU
		{D0DD110C-261C-4DDD-BDFF-AC7AA950F5C5}.Debug|Any CPU.Build.0 = Debug|Any CPU
		{D0DD110C-261C-4DDD-BDFF-AC7AA950F5C5}.Release|Any CPU.ActiveCfg = Release|Any CPU
		{D0DD110C-261C-4DDD-BDFF-AC7AA950F5C5}.Release|Any CPU.Build.0 = Release|Any CPU
		{582B9593-F61A-4AF1-B3E5-2C4A5935AE01}.Debug|Any CPU.ActiveCfg = Debug|Any CPU
		{582B9593-F61A-4AF1-B3E5-2C4A5935AE01}.Debug|Any CPU.Build.0 = Debug|Any CPU
		{582B9593-F61A-4AF1-B3E5-2C4A5935AE01}.Release|Any CPU.ActiveCfg = Release|Any CPU
		{582B9593-F61A-4AF1-B3E5-2C4A5935AE01}.Release|Any CPU.Build.0 = Release|Any CPU
		{FEB65A41-7F94-4526-BCD5-BCAEFBA31C0C}.Debug|Any CPU.ActiveCfg = Debug|Any CPU
		{FEB65A41-7F94-4526-BCD5-BCAEFBA31C0C}.Debug|Any CPU.Build.0 = Debug|Any CPU
		{FEB65A41-7F94-4526-BCD5-BCAEFBA31C0C}.Release|Any CPU.ActiveCfg = Release|Any CPU
		{FEB65A41-7F94-4526-BCD5-BCAEFBA31C0C}.Release|Any CPU.Build.0 = Release|Any CPU
		{41FB70FB-01E8-40F8-A547-91323BFDED6B}.Debug|Any CPU.ActiveCfg = Debug|Any CPU
		{41FB70FB-01E8-40F8-A547-91323BFDED6B}.Debug|Any CPU.Build.0 = Debug|Any CPU
		{41FB70FB-01E8-40F8-A547-91323BFDED6B}.Release|Any CPU.ActiveCfg = Release|Any CPU
		{41FB70FB-01E8-40F8-A547-91323BFDED6B}.Release|Any CPU.Build.0 = Release|Any CPU
		{B01A8323-FB0C-4E33-890E-4E27A6E309F4}.Debug|Any CPU.ActiveCfg = Debug|Any CPU
		{B01A8323-FB0C-4E33-890E-4E27A6E309F4}.Debug|Any CPU.Build.0 = Debug|Any CPU
		{B01A8323-FB0C-4E33-890E-4E27A6E309F4}.Release|Any CPU.ActiveCfg = Release|Any CPU
		{B01A8323-FB0C-4E33-890E-4E27A6E309F4}.Release|Any CPU.Build.0 = Release|Any CPU
	EndGlobalSection
	GlobalSection(SolutionProperties) = preSolution
		HideSolutionNode = FALSE
	EndGlobalSection
	GlobalSection(ExtensibilityGlobals) = postSolution
		SolutionGuid = {31BA658D-0A1E-4E88-A3F1-7797B58E3C9B}
	EndGlobalSection
EndGlobal
